
Microsoft Visual Studio Solution File, Format Version 12.00
# Visual Studio Version 16
VisualStudioVersion = 16.0.30907.101
MinimumVisualStudioVersion = 10.0.40219.1
Project("{2150E333-8FDC-42A3-9474-1A3956D46DE8}") = "1. Code", "1. Code", "{101E0883-2AAE-425D-A5E9-64A694F98FCB}"
EndProject
Project("{2150E333-8FDC-42A3-9474-1A3956D46DE8}") = "9. Test", "9. Test", "{B0995A24-0B00-4C6B-A179-45168E3765CA}"
EndProject
Project("{2150E333-8FDC-42A3-9474-1A3956D46DE8}") = "Ansicht", "Ansicht", "{963B6F8B-CE66-4B7F-98F1-A83F4D9B7D32}"
EndProject
Project("{FAE04EC0-301F-11D3-BF4B-00C04F79EFBC}") = "WindowsFormsApp1", "1. Code\Ansicht\WindowsFormsApp1\WindowsFormsApp1.csproj", "{42340E70-49CD-4B34-9A8A-67E47AAA514A}"
EndProject
Project("{2150E333-8FDC-42A3-9474-1A3956D46DE8}") = "Anischttest", "Anischttest", "{3EE0AF80-5283-44B4-B1F8-2E678E9B2F10}"
EndProject
Project("{9A19103F-16F7-4668-BE54-9A1E7A4F7556}") = "Testen", "9. Tests\AnischtTests\Testen\Testen.csproj", "{13212DF6-6600-4A87-B08C-C9266FEB3212}"
EndProject
Project("{2150E333-8FDC-42A3-9474-1A3956D46DE8}") = "Datenbank", "Datenbank", "{BAFF7A24-8241-49F8-B57D-34D1411F89EC}"
EndProject
Project("{FAE04EC0-301F-11D3-BF4B-00C04F79EFBC}") = "DatenbankEngine", "1. Code\datenbankEngine\DatenbankEngine\DatenbankEngine.csproj", "{B4983B73-59EB-4048-8294-79A98D341150}"
EndProject
Global
	GlobalSection(SolutionConfigurationPlatforms) = preSolution
		Debug|Any CPU = Debug|Any CPU
		Release|Any CPU = Release|Any CPU
	EndGlobalSection
	GlobalSection(ProjectConfigurationPlatforms) = postSolution
		{42340E70-49CD-4B34-9A8A-67E47AAA514A}.Debug|Any CPU.ActiveCfg = Debug|Any CPU
		{42340E70-49CD-4B34-9A8A-67E47AAA514A}.Debug|Any CPU.Build.0 = Debug|Any CPU
		{42340E70-49CD-4B34-9A8A-67E47AAA514A}.Release|Any CPU.ActiveCfg = Release|Any CPU
		{42340E70-49CD-4B34-9A8A-67E47AAA514A}.Release|Any CPU.Build.0 = Release|Any CPU
		{13212DF6-6600-4A87-B08C-C9266FEB3212}.Debug|Any CPU.ActiveCfg = Debug|Any CPU
		{13212DF6-6600-4A87-B08C-C9266FEB3212}.Debug|Any CPU.Build.0 = Debug|Any CPU
		{13212DF6-6600-4A87-B08C-C9266FEB3212}.Release|Any CPU.ActiveCfg = Release|Any CPU
		{13212DF6-6600-4A87-B08C-C9266FEB3212}.Release|Any CPU.Build.0 = Release|Any CPU
		{B4983B73-59EB-4048-8294-79A98D341150}.Debug|Any CPU.ActiveCfg = Debug|Any CPU
		{B4983B73-59EB-4048-8294-79A98D341150}.Debug|Any CPU.Build.0 = Debug|Any CPU
		{B4983B73-59EB-4048-8294-79A98D341150}.Release|Any CPU.ActiveCfg = Release|Any CPU
		{B4983B73-59EB-4048-8294-79A98D341150}.Release|Any CPU.Build.0 = Release|Any CPU
	EndGlobalSection
	GlobalSection(SolutionProperties) = preSolution
		HideSolutionNode = FALSE
	EndGlobalSection
	GlobalSection(NestedProjects) = preSolution
		{963B6F8B-CE66-4B7F-98F1-A83F4D9B7D32} = {101E0883-2AAE-425D-A5E9-64A694F98FCB}
		{42340E70-49CD-4B34-9A8A-67E47AAA514A} = {963B6F8B-CE66-4B7F-98F1-A83F4D9B7D32}
		{3EE0AF80-5283-44B4-B1F8-2E678E9B2F10} = {B0995A24-0B00-4C6B-A179-45168E3765CA}
		{13212DF6-6600-4A87-B08C-C9266FEB3212} = {3EE0AF80-5283-44B4-B1F8-2E678E9B2F10}
		{BAFF7A24-8241-49F8-B57D-34D1411F89EC} = {101E0883-2AAE-425D-A5E9-64A694F98FCB}
		{B4983B73-59EB-4048-8294-79A98D341150} = {BAFF7A24-8241-49F8-B57D-34D1411F89EC}
	EndGlobalSection
	GlobalSection(ExtensibilityGlobals) = postSolution
		SolutionGuid = {52F64A6A-ED2C-4D8F-8771-1251D5AED421}
	EndGlobalSection
EndGlobal
